// !$*UTF8*$!
{
	archiveVersion = 1;
	classes = {
	};
	objectVersion = 56;
	objects = {

/* Begin PBXBuildFile section */
		72764EA029B3DAAA0004DEBA /* FetchDemoApp.swift in Sources */ = {isa = PBXBuildFile; fileRef = 72764E9F29B3DAAA0004DEBA /* FetchDemoApp.swift */; };
		72764EA229B3DAAA0004DEBA /* ContentView.swift in Sources */ = {isa = PBXBuildFile; fileRef = 72764EA129B3DAAA0004DEBA /* ContentView.swift */; };
		72764EA429B3DAAA0004DEBA /* Assets.xcassets in Resources */ = {isa = PBXBuildFile; fileRef = 72764EA329B3DAAA0004DEBA /* Assets.xcassets */; };
		72764EA729B3DAAA0004DEBA /* Preview Assets.xcassets in Resources */ = {isa = PBXBuildFile; fileRef = 72764EA629B3DAAA0004DEBA /* Preview Assets.xcassets */; };
		72764EAE29B3DB1C0004DEBA /* MeasureIngView.swift in Sources */ = {isa = PBXBuildFile; fileRef = 72764EAD29B3DB1C0004DEBA /* MeasureIngView.swift */; };
		72764EB029B3DBC90004DEBA /* RecipeView.swift in Sources */ = {isa = PBXBuildFile; fileRef = 72764EAF29B3DBC90004DEBA /* RecipeView.swift */; };
		72764EB229B3DBF50004DEBA /* SwiftUIView.swift in Sources */ = {isa = PBXBuildFile; fileRef = 72764EB129B3DBF50004DEBA /* SwiftUIView.swift */; };
		72764EB429B3DC200004DEBA /* MealDetail.swift in Sources */ = {isa = PBXBuildFile; fileRef = 72764EB329B3DC200004DEBA /* MealDetail.swift */; };
		72764EB629B3DC4F0004DEBA /* MealUIView.swift in Sources */ = {isa = PBXBuildFile; fileRef = 72764EB529B3DC4F0004DEBA /* MealUIView.swift */; };
/* End PBXBuildFile section */

/* Begin PBXFileReference section */
		72764E9C29B3DAAA0004DEBA /* FetchDemo.app */ = {isa = PBXFileReference; explicitFileType = wrapper.application; includeInIndex = 0; path = FetchDemo.app; sourceTree = BUILT_PRODUCTS_DIR; };
		72764E9F29B3DAAA0004DEBA /* FetchDemoApp.swift */ = {isa = PBXFileReference; lastKnownFileType = sourcecode.swift; path = FetchDemoApp.swift; sourceTree = "<group>"; };
		72764EA129B3DAAA0004DEBA /* ContentView.swift */ = {isa = PBXFileReference; lastKnownFileType = sourcecode.swift; path = ContentView.swift; sourceTree = "<group>"; };
		72764EA329B3DAAA0004DEBA /* Assets.xcassets */ = {isa = PBXFileReference; lastKnownFileType = folder.assetcatalog; path = Assets.xcassets; sourceTree = "<group>"; };
		72764EA629B3DAAA0004DEBA /* Preview Assets.xcassets */ = {isa = PBXFileReference; lastKnownFileType = folder.assetcatalog; path = "Preview Assets.xcassets"; sourceTree = "<group>"; };
		72764EAD29B3DB1C0004DEBA /* MeasureIngView.swift */ = {isa = PBXFileReference; lastKnownFileType = sourcecode.swift; path = MeasureIngView.swift; sourceTree = "<group>"; };
		72764EAF29B3DBC90004DEBA /* RecipeView.swift */ = {isa = PBXFileReference; lastKnownFileType = sourcecode.swift; path = RecipeView.swift; sourceTree = "<group>"; };
		72764EB129B3DBF50004DEBA /* SwiftUIView.swift */ = {isa = PBXFileReference; lastKnownFileType = sourcecode.swift; path = SwiftUIView.swift; sourceTree = "<group>"; };
		72764EB329B3DC200004DEBA /* MealDetail.swift */ = {isa = PBXFileReference; lastKnownFileType = sourcecode.swift; path = MealDetail.swift; sourceTree = "<group>"; };
		72764EB529B3DC4F0004DEBA /* MealUIView.swift */ = {isa = PBXFileReference; lastKnownFileType = sourcecode.swift; path = MealUIView.swift; sourceTree = "<group>"; };
/* End PBXFileReference section */

/* Begin PBXFrameworksBuildPhase section */
		72764E9929B3DAAA0004DEBA /* Frameworks */ = {
			isa = PBXFrameworksBuildPhase;
			buildActionMask = 2147483647;
			files = (
			);
			runOnlyForDeploymentPostprocessing = 0;
		};
/* End PBXFrameworksBuildPhase section */

/* Begin PBXGroup section */
		72764E9329B3DAAA0004DEBA = {
			isa = PBXGroup;
			children = (
				72764E9E29B3DAAA0004DEBA /* FetchDemo */,
				72764E9D29B3DAAA0004DEBA /* Products */,
			);
			sourceTree = "<group>";
		};
		72764E9D29B3DAAA0004DEBA /* Products */ = {
			isa = PBXGroup;
			children = (
				72764E9C29B3DAAA0004DEBA /* FetchDemo.app */,
			);
			name = Products;
			sourceTree = "<group>";
		};
		72764E9E29B3DAAA0004DEBA /* FetchDemo */ = {
			isa = PBXGroup;
			children = (
				72764E9F29B3DAAA0004DEBA /* FetchDemoApp.swift */,
				72764EAD29B3DB1C0004DEBA /* MeasureIngView.swift */,
				72764EAF29B3DBC90004DEBA /* RecipeView.swift */,
				72764EA129B3DAAA0004DEBA /* ContentView.swift */,
				72764EB129B3DBF50004DEBA /* SwiftUIView.swift */,
				72764EB329B3DC200004DEBA /* MealDetail.swift */,
				72764EB529B3DC4F0004DEBA /* MealUIView.swift */,
				72764EA329B3DAAA0004DEBA /* Assets.xcassets */,
				72764EA529B3DAAA0004DEBA /* Preview Content */,
			);
			path = FetchDemo;
			sourceTree = "<group>";
		};
		72764EA529B3DAAA0004DEBA /* Preview Content */ = {
			isa = PBXGroup;
			children = (
				72764EA629B3DAAA0004DEBA /* Preview Assets.xcassets */,
			);
			path = "Preview Content";
			sourceTree = "<group>";
		};
/* End PBXGroup section */

/* Begin PBXNativeTarget section */
		72764E9B29B3DAAA0004DEBA /* FetchDemo */ = {
			isa = PBXNativeTarget;
			buildConfigurationList = 72764EAA29B3DAAA0004DEBA /* Build configuration list for PBXNativeTarget "FetchDemo" */;
			buildPhases = (
				72764E9829B3DAAA0004DEBA /* Sources */,
				72764E9929B3DAAA0004DEBA /* Frameworks */,
				72764E9A29B3DAAA0004DEBA /* Resources */,
			);
			buildRules = (
			);
			dependencies = (
			);
			name = FetchDemo;
			productName = FetchDemo;
			productReference = 72764E9C29B3DAAA0004DEBA /* FetchDemo.app */;
			productType = "com.apple.product-type.application";
		};
/* End PBXNativeTarget section */

/* Begin PBXProject section */
		72764E9429B3DAAA0004DEBA /* Project object */ = {
			isa = PBXProject;
			attributes = {
				BuildIndependentTargetsInParallel = 1;
				LastSwiftUpdateCheck = 1420;
				LastUpgradeCheck = 1420;
				TargetAttributes = {
					72764E9B29B3DAAA0004DEBA = {
						CreatedOnToolsVersion = 14.2;
					};
				};
			};
			buildConfigurationList = 72764E9729B3DAAA0004DEBA /* Build configuration list for PBXProject "FetchDemo" */;
			compatibilityVersion = "Xcode 14.0";
			developmentRegion = en;
			hasScannedForEncodings = 0;
			knownRegions = (
				en,
				Base,
			);
			mainGroup = 72764E9329B3DAAA0004DEBA;
			productRefGroup = 72764E9D29B3DAAA0004DEBA /* Products */;
			projectDirPath = "";
			projectRoot = "";
			targets = (
				72764E9B29B3DAAA0004DEBA /* FetchDemo */,
			);
		};
/* End PBXProject section */

/* Begin PBXResourcesBuildPhase section */
		72764E9A29B3DAAA0004DEBA /* Resources */ = {
			isa = PBXResourcesBuildPhase;
			buildActionMask = 2147483647;
			files = (
				72764EA729B3DAAA0004DEBA /* Preview Assets.xcassets in Resources */,
				72764EA429B3DAAA0004DEBA /* Assets.xcassets in Resources */,
			);
			runOnlyForDeploymentPostprocessing = 0;
		};
/* End PBXResourcesBuildPhase section */

/* Begin PBXSourcesBuildPhase section */
		72764E9829B3DAAA0004DEBA /* Sources */ = {
			isa = PBXSourcesBuildPhase;
			buildActionMask = 2147483647;
			files = (
				72764EAE29B3DB1C0004DEBA /* MeasureIngView.swift in Sources */,
				72764EA229B3DAAA0004DEBA /* ContentView.swift in Sources */,
				72764EB029B3DBC90004DEBA /* RecipeView.swift in Sources */,
				72764EB429B3DC200004DEBA /* MealDetail.swift in Sources */,
				72764EB629B3DC4F0004DEBA /* MealUIView.swift in Sources */,
				72764EA029B3DAAA0004DEBA /* FetchDemoApp.swift in Sources */,
				72764EB229B3DBF50004DEBA /* SwiftUIView.swift in Sources */,
			);
			runOnlyForDeploymentPostprocessing = 0;
		};
/* End PBXSourcesBuildPhase section */

/* Begin XCBuildConfiguration section */
		72764EA829B3DAAA0004DEBA /* Debug */ = {
			isa = XCBuildConfiguration;
			buildSettings = {
				ALWAYS_SEARCH_USER_PATHS = NO;
				CLANG_ANALYZER_NONNULL = YES;
				CLANG_ANALYZER_NUMBER_OBJECT_CONVERSION = YES_AGGRESSIVE;
				CLANG_CXX_LANGUAGE_STANDARD = "gnu++20";
				CLANG_ENABLE_MODULES = YES;
				CLANG_ENABLE_OBJC_ARC = YES;
				CLANG_ENABLE_OBJC_WEAK = YES;
				CLANG_WARN_BLOCK_CAPTURE_AUTORELEASING = YES;
				CLANG_WARN_BOOL_CONVERSION = YES;
				CLANG_WARN_COMMA = YES;
				CLANG_WARN_CONSTANT_CONVERSION = YES;
				CLANG_WARN_DEPRECATED_OBJC_IMPLEMENTATIONS = YES;
				CLANG_WARN_DIRECT_OBJC_ISA_USAGE = YES_ERROR;
				CLANG_WARN_DOCUMENTATION_COMMENTS = YES;
				CLANG_WARN_EMPTY_BODY = YES;
				CLANG_WARN_ENUM_CONVERSION = YES;
				CLANG_WARN_INFINITE_RECURSION = YES;
				CLANG_WARN_INT_CONVERSION = YES;
				CLANG_WARN_NON_LITERAL_NULL_CONVERSION = YES;
				CLANG_WARN_OBJC_IMPLICIT_RETAIN_SELF = YES;
				CLANG_WARN_OBJC_LITERAL_CONVERSION = YES;
				CLANG_WARN_OBJC_ROOT_CLASS = YES_ERROR;
				CLANG_WARN_QUOTED_INCLUDE_IN_FRAMEWORK_HEADER = YES;
				CLANG_WARN_RANGE_LOOP_ANALYSIS = YES;
				CLANG_WARN_STRICT_PROTOTYPES = YES;
				CLANG_WARN_SUSPICIOUS_MOVE = YES;
				CLANG_WARN_UNGUARDED_AVAILABILITY = YES_AGGRESSIVE;
				CLANG_WARN_UNREACHABLE_CODE = YES;
				CLANG_WARN__DUPLICATE_METHOD_MATCH = YES;
				COPY_PHASE_STRIP = NO;
				DEBUG_INFORMATION_FORMAT = dwarf;
				ENABLE_STRICT_OBJC_MSGSEND = YES;
				ENABLE_TESTABILITY = YES;
				GCC_C_LANGUAGE_STANDARD = gnu11;
				GCC_DYNAMIC_NO_PIC = NO;
				GCC_NO_COMMON_BLOCKS = YES;
				GCC_OPTIMIZATION_LEVEL = 0;
				GCC_PREPROCESSOR_DEFINITIONS = (
					"DEBUG=1",
					"$(inherited)",
				);
				GCC_WARN_64_TO_32_BIT_CONVERSION = YES;
				GCC_WARN_ABOUT_RETURN_TYPE = YES_ERROR;
				GCC_WARN_UNDECLARED_SELECTOR = YES;
				GCC_WARN_UNINITIALIZED_AUTOS = YES_AGGRESSIVE;
				GCC_WARN_UNUSED_FUNCTION = YES;
				GCC_WARN_UNUSED_VARIABLE = YES;
				IPHONEOS_DEPLOYMENT_TARGET = 16.2;
				MTL_ENABLE_DEBUG_INFO = INCLUDE_SOURCE;
				MTL_FAST_MATH = YES;
				ONLY_ACTIVE_ARCH = YES;
				SDKROOT = iphoneos;
				SWIFT_ACTIVE_COMPILATION_CONDITIONS = DEBUG;
				SWIFT_OPTIMIZATION_LEVEL = "-Onone";
			};
			name = Debug;
		};
		72764EA929B3DAAA0004DEBA /* Release */ = {
			isa = XCBuildConfiguration;
			buildSettings = {
				ALWAYS_SEARCH_USER_PATHS = NO;
				CLANG_ANALYZER_NONNULL = YES;
				CLANG_ANALYZER_NUMBER_OBJECT_CONVERSION = YES_AGGRESSIVE;
				CLANG_CXX_LANGUAGE_STANDARD = "gnu++20";
				CLANG_ENABLE_MODULES = YES;
				CLANG_ENABLE_OBJC_ARC = YES;
				CLANG_ENABLE_OBJC_WEAK = YES;
				CLANG_WARN_BLOCK_CAPTURE_AUTORELEASING = YES;
				CLANG_WARN_BOOL_CONVERSION = YES;
				CLANG_WARN_COMMA = YES;
				CLANG_WARN_CONSTANT_CONVERSION = YES;
				CLANG_WARN_DEPRECATED_OBJC_IMPLEMENTATIONS = YES;
				CLANG_WARN_DIRECT_OBJC_ISA_USAGE = YES_ERROR;
				CLANG_WARN_DOCUMENTATION_COMMENTS = YES;
				CLANG_WARN_EMPTY_BODY = YES;
				CLANG_WARN_ENUM_CONVERSION = YES;
				CLANG_WARN_INFINITE_RECURSION = YES;
				CLANG_WARN_INT_CONVERSION = YES;
				CLANG_WARN_NON_LITERAL_NULL_CONVERSION = YES;
				CLANG_WARN_OBJC_IMPLICIT_RETAIN_SELF = YES;
				CLANG_WARN_OBJC_LITERAL_CONVERSION = YES;
				CLANG_WARN_OBJC_ROOT_CLASS = YES_ERROR;
				CLANG_WARN_QUOTED_INCLUDE_IN_FRAMEWORK_HEADER = YES;
				CLANG_WARN_RANGE_LOOP_ANALYSIS = YES;
				CLANG_WARN_STRICT_PROTOTYPES = YES;
				CLANG_WARN_SUSPICIOUS_MOVE = YES;
				CLANG_WARN_UNGUARDED_AVAILABILITY = YES_AGGRESSIVE;
				CLANG_WARN_UNREACHABLE_CODE = YES;
				CLANG_WARN__DUPLICATE_METHOD_MATCH = YES;
				COPY_PHASE_STRIP = NO;
				DEBUG_INFORMATION_FORMAT = "dwarf-with-dsym";
				ENABLE_NS_ASSERTIONS = NO;
				ENABLE_STRICT_OBJC_MSGSEND = YES;
				GCC_C_LANGUAGE_STANDARD = gnu11;
				GCC_NO_COMMON_BLOCKS = YES;
				GCC_WARN_64_TO_32_BIT_CONVERSION = YES;
				GCC_WARN_ABOUT_RETURN_TYPE = YES_ERROR;
				GCC_WARN_UNDECLARED_SELECTOR = YES;
				GCC_WARN_UNINITIALIZED_AUTOS = YES_AGGRESSIVE;
				GCC_WARN_UNUSED_FUNCTION = YES;
				GCC_WARN_UNUSED_VARIABLE = YES;
				IPHONEOS_DEPLOYMENT_TARGET = 16.2;
				MTL_ENABLE_DEBUG_INFO = NO;
				MTL_FAST_MATH = YES;
				SDKROOT = iphoneos;
				SWIFT_COMPILATION_MODE = wholemodule;
				SWIFT_OPTIMIZATION_LEVEL = "-O";
				VALIDATE_PRODUCT = YES;
			};
			name = Release;
		};
		72764EAB29B3DAAA0004DEBA /* Debug */ = {
			isa = XCBuildConfiguration;
			buildSettings = {
				ASSETCATALOG_COMPILER_APPICON_NAME = AppIcon;
				ASSETCATALOG_COMPILER_GLOBAL_ACCENT_COLOR_NAME = AccentColor;
				CODE_SIGN_STYLE = Automatic;
				CURRENT_PROJECT_VERSION = 1;
				DEVELOPMENT_ASSET_PATHS = "\"FetchDemo/Preview Content\"";
				ENABLE_PREVIEWS = YES;
				GENERATE_INFOPLIST_FILE = YES;
				INFOPLIST_KEY_UIApplicationSceneManifest_Generation = YES;
				INFOPLIST_KEY_UIApplicationSupportsIndirectInputEvents = YES;
				INFOPLIST_KEY_UILaunchScreen_Generation = YES;
				INFOPLIST_KEY_UISupportedInterfaceOrientations_iPad = "UIInterfaceOrientationPortrait UIInterfaceOrientationPortraitUpsideDown UIInterfaceOrientationLandscapeLeft UIInterfaceOrientationLandscapeRight";
				INFOPLIST_KEY_UISupportedInterfaceOrientations_iPhone = "UIInterfaceOrientationPortrait UIInterfaceOrientationLandscapeLeft UIInterfaceOrientationLandscapeRight";
				LD_RUNPATH_SEARCH_PATHS = (
					"$(inherited)",
					"@executable_path/Frameworks",
				);
				MARKETING_VERSION = 1.0;
				PRODUCT_BUNDLE_IDENTIFIER = com.FetchDemo;
				PRODUCT_NAME = "$(TARGET_NAME)";
				SWIFT_EMIT_LOC_STRINGS = YES;
				SWIFT_VERSION = 5.0;
				TARGETED_DEVICE_FAMILY = "1,2";
			};
			name = Debug;
		};
		72764EAC29B3DAAA0004DEBA /* Release */ = {
			isa = XCBuildConfiguration;
			buildSettings = {
				ASSETCATALOG_COMPILER_APPICON_NAME = AppIcon;
				ASSETCATALOG_COMPILER_GLOBAL_ACCENT_COLOR_NAME = AccentColor;
				CODE_SIGN_STYLE = Automatic;
				CURRENT_PROJECT_VERSION = 1;
				DEVELOPMENT_ASSET_PATHS = "\"FetchDemo/Preview Content\"";
				ENABLE_PREVIEWS = YES;
				GENERATE_INFOPLIST_FILE = YES;
				INFOPLIST_KEY_UIApplicationSceneManifest_Generation = YES;
				INFOPLIST_KEY_UIApplicationSupportsIndirectInputEvents = YES;
				INFOPLIST_KEY_UILaunchScreen_Generation = YES;
				INFOPLIST_KEY_UISupportedInterfaceOrientations_iPad = "UIInterfaceOrientationPortrait UIInterfaceOrientationPortraitUpsideDown UIInterfaceOrientationLandscapeLeft UIInterfaceOrientationLandscapeRight";
				INFOPLIST_KEY_UISupportedInterfaceOrientations_iPhone = "UIInterfaceOrientationPortrait UIInterfaceOrientationLandscapeLeft UIInterfaceOrientationLandscapeRight";
				LD_RUNPATH_SEARCH_PATHS = (
					"$(inherited)",
					"@executable_path/Frameworks",
				);
				MARKETING_VERSION = 1.0;
				PRODUCT_BUNDLE_IDENTIFIER = com.FetchDemo;
				PRODUCT_NAME = "$(TARGET_NAME)";
				SWIFT_EMIT_LOC_STRINGS = YES;
				SWIFT_VERSION = 5.0;
				TARGETED_DEVICE_FAMILY = "1,2";
			};
			name = Release;
		};
/* End XCBuildConfiguration section */

/* Begin XCConfigurationList section */
		72764E9729B3DAAA0004DEBA /* Build configuration list for PBXProject "FetchDemo" */ = {
			isa = XCConfigurationList;
			buildConfigurations = (
				72764EA829B3DAAA0004DEBA /* Debug */,
				72764EA929B3DAAA0004DEBA /* Release */,
			);
			defaultConfigurationIsVisible = 0;
			defaultConfigurationName = Release;
		};
		72764EAA29B3DAAA0004DEBA /* Build configuration list for PBXNativeTarget "FetchDemo" */ = {
			isa = XCConfigurationList;
			buildConfigurations = (
				72764EAB29B3DAAA0004DEBA /* Debug */,
				72764EAC29B3DAAA0004DEBA /* Release */,
			);
			defaultConfigurationIsVisible = 0;
			defaultConfigurationName = Release;
		};
/* End XCConfigurationList section */
	};
	rootObject = 72764E9429B3DAAA0004DEBA /* Project object */;
}
